
Microsoft Visual Studio Solution File, Format Version 12.00
# Visual Studio Version 17
VisualStudioVersion = 17.8.34330.188
MinimumVisualStudioVersion = 10.0.40219.1
Project("{FAE04EC0-301F-11D3-BF4B-00C04F79EFBC}") = "ObstacleWarningSystem", "ObstacleWarningSystem\ObstacleWarningSystem.csproj", "{8622509C-D932-4ACC-966D-BE1B77D5CF97}"
EndProject
Global
	GlobalSection(SolutionConfigurationPlatforms) = preSolution
		Debug|Any CPU = Debug|Any CPU
		Release|Any CPU = Release|Any CPU
	EndGlobalSection
	GlobalSection(ProjectConfigurationPlatforms) = postSolution
		{8622509C-D932-4ACC-966D-BE1B77D5CF97}.Debug|Any CPU.ActiveCfg = Debug|Any CPU
		{8622509C-D932-4ACC-966D-BE1B77D5CF97}.Debug|Any CPU.Build.0 = Debug|Any CPU
		{8622509C-D932-4ACC-966D-BE1B77D5CF97}.Release|Any CPU.ActiveCfg = Release|Any CPU
		{8622509C-D932-4ACC-966D-BE1B77D5CF97}.Release|Any CPU.Build.0 = Release|Any CPU
	EndGlobalSection
	GlobalSection(SolutionProperties) = preSolution
		HideSolutionNode = FALSE
	EndGlobalSection
	GlobalSection(ExtensibilityGlobals) = postSolution
		SolutionGuid = {C977DDDA-3FD4-4664-846B-EFD04ADA0E48}
	EndGlobalSection
EndGlobal
